// !$*UTF8*$!
{
	archiveVersion = 1;
	classes = {
	};
	objectVersion = 48;
	objects = {

/* Begin PBXBuildFile section */
		4D5AE32EA1C1B4C7AFF87EE9 /* Pods_FootballPickEmApp.framework in Frameworks */ = {isa = PBXBuildFile; fileRef = 37A2F59DE7F4AA11CEEE5954 /* Pods_FootballPickEmApp.framework */; };
		9C49AE7DCE11001C2685EED9 /* Pods_FootballPickEmAppTests.framework in Frameworks */ = {isa = PBXBuildFile; fileRef = 7D85B79E77B71EA8C801720F /* Pods_FootballPickEmAppTests.framework */; };
		D0171E541FD4AFB500DBF275 /* StandingsViewController.swift in Sources */ = {isa = PBXBuildFile; fileRef = D0171E531FD4AFB500DBF275 /* StandingsViewController.swift */; };
		D0171E561FD4AFD100DBF275 /* GroupViewController.swift in Sources */ = {isa = PBXBuildFile; fileRef = D0171E551FD4AFD100DBF275 /* GroupViewController.swift */; };
		D0171E581FD4B3BA00DBF275 /* UserStandingCell.swift in Sources */ = {isa = PBXBuildFile; fileRef = D0171E571FD4B3BA00DBF275 /* UserStandingCell.swift */; };
		D0171E5A1FD63D1300DBF275 /* PickCell.swift in Sources */ = {isa = PBXBuildFile; fileRef = D0171E591FD63D1300DBF275 /* PickCell.swift */; };
		D0171E5C1FD63D5700DBF275 /* Matchup.swift in Sources */ = {isa = PBXBuildFile; fileRef = D0171E5B1FD63D5700DBF275 /* Matchup.swift */; };
		D0171E5E1FD63ECC00DBF275 /* Team.swift in Sources */ = {isa = PBXBuildFile; fileRef = D0171E5D1FD63ECC00DBF275 /* Team.swift */; };
		D0171E621FD6554A00DBF275 /* IndividualPickViewController.swift in Sources */ = {isa = PBXBuildFile; fileRef = D0171E611FD6554A00DBF275 /* IndividualPickViewController.swift */; };
		D0171E641FD65A3600DBF275 /* ImageService.swift in Sources */ = {isa = PBXBuildFile; fileRef = D0171E631FD65A3600DBF275 /* ImageService.swift */; };
		D0171E661FD7577D00DBF275 /* User.swift in Sources */ = {isa = PBXBuildFile; fileRef = D0171E651FD7577D00DBF275 /* User.swift */; };
		D0171E681FD9C90200DBF275 /* StandingCell.swift in Sources */ = {isa = PBXBuildFile; fileRef = D0171E671FD9C90200DBF275 /* StandingCell.swift */; };
		D0171E6A1FDB051F00DBF275 /* UserHistoryViewController.swift in Sources */ = {isa = PBXBuildFile; fileRef = D0171E691FDB051F00DBF275 /* UserHistoryViewController.swift */; };
		D0171E6C1FDB062000DBF275 /* HistoryCell.swift in Sources */ = {isa = PBXBuildFile; fileRef = D0171E6B1FDB062000DBF275 /* HistoryCell.swift */; };
		D0171E6E1FDC7CCD00DBF275 /* DeleteAccountViewController.swift in Sources */ = {isa = PBXBuildFile; fileRef = D0171E6D1FDC7CCD00DBF275 /* DeleteAccountViewController.swift */; };
		D0171E701FDC7CD800DBF275 /* ChangePasswordViewController.swift in Sources */ = {isa = PBXBuildFile; fileRef = D0171E6F1FDC7CD800DBF275 /* ChangePasswordViewController.swift */; };
		D0171E721FDC7D3800DBF275 /* SettingsViewController.swift in Sources */ = {isa = PBXBuildFile; fileRef = D0171E711FDC7D3800DBF275 /* SettingsViewController.swift */; };
		D062060F1FCDD2DE00D82FA4 /* AVFoundation.framework in Frameworks */ = {isa = PBXBuildFile; fileRef = D062060E1FCDD2DE00D82FA4 /* AVFoundation.framework */; };
		D06206151FCDD6A700D82FA4 /* welcomePageViewController.swift in Sources */ = {isa = PBXBuildFile; fileRef = D06206141FCDD6A700D82FA4 /* welcomePageViewController.swift */; };
		D06206171FCDD9F000D82FA4 /* RegistrationViewController.swift in Sources */ = {isa = PBXBuildFile; fileRef = D06206161FCDD9F000D82FA4 /* RegistrationViewController.swift */; };
		D067ED582117D25D00557F19 /* Week.swift in Sources */ = {isa = PBXBuildFile; fileRef = D067ED572117D25D00557F19 /* Week.swift */; };
		D072298A214D892B005181DD /* footballImage2.jpg in Resources */ = {isa = PBXBuildFile; fileRef = D0722989214D892A005181DD /* footballImage2.jpg */; };
		D0A4DA2C1FCB4ED70037D930 /* SignInViewController.swift in Sources */ = {isa = PBXBuildFile; fileRef = D0A4DA2B1FCB4ED70037D930 /* SignInViewController.swift */; };
		D0C25EC81FC4CE9300DB03CD /* AppDelegate.swift in Sources */ = {isa = PBXBuildFile; fileRef = D0C25EC71FC4CE9300DB03CD /* AppDelegate.swift */; };
		D0C25ECD1FC4CE9300DB03CD /* Main.storyboard in Resources */ = {isa = PBXBuildFile; fileRef = D0C25ECB1FC4CE9300DB03CD /* Main.storyboard */; };
		D0C25ECF1FC4CE9300DB03CD /* Assets.xcassets in Resources */ = {isa = PBXBuildFile; fileRef = D0C25ECE1FC4CE9300DB03CD /* Assets.xcassets */; };
		D0C25ED21FC4CE9300DB03CD /* LaunchScreen.storyboard in Resources */ = {isa = PBXBuildFile; fileRef = D0C25ED01FC4CE9300DB03CD /* LaunchScreen.storyboard */; };
		D0C25EDD1FC4CE9300DB03CD /* FootballPickEmAppTests.swift in Sources */ = {isa = PBXBuildFile; fileRef = D0C25EDC1FC4CE9300DB03CD /* FootballPickEmAppTests.swift */; };
		D0C25EE81FC4CE9300DB03CD /* FootballPickEmAppUITests.swift in Sources */ = {isa = PBXBuildFile; fileRef = D0C25EE71FC4CE9300DB03CD /* FootballPickEmAppUITests.swift */; };
		D0C25EF61FC4CED900DB03CD /* GoogleService-Info.plist in Resources */ = {isa = PBXBuildFile; fileRef = D0C25EF51FC4CED900DB03CD /* GoogleService-Info.plist */; };
		D3DF75AE937C72B0DCAF4F3F /* Pods_FootballPickEmAppUITests.framework in Frameworks */ = {isa = PBXBuildFile; fileRef = 314A02F284A7662B35A6F1D4 /* Pods_FootballPickEmAppUITests.framework */; };
/* End PBXBuildFile section */

/* Begin PBXContainerItemProxy section */
		D0C25ED91FC4CE9300DB03CD /* PBXContainerItemProxy */ = {
			isa = PBXContainerItemProxy;
			containerPortal = D0C25EBC1FC4CE9300DB03CD /* Project object */;
			proxyType = 1;
			remoteGlobalIDString = D0C25EC31FC4CE9300DB03CD;
			remoteInfo = FootballPickEmApp;
		};
		D0C25EE41FC4CE9300DB03CD /* PBXContainerItemProxy */ = {
			isa = PBXContainerItemProxy;
			containerPortal = D0C25EBC1FC4CE9300DB03CD /* Project object */;
			proxyType = 1;
			remoteGlobalIDString = D0C25EC31FC4CE9300DB03CD;
			remoteInfo = FootballPickEmApp;
		};
/* End PBXContainerItemProxy section */

/* Begin PBXFileReference section */
		314A02F284A7662B35A6F1D4 /* Pods_FootballPickEmAppUITests.framework */ = {isa = PBXFileReference; explicitFileType = wrapper.framework; includeInIndex = 0; path = Pods_FootballPickEmAppUITests.framework; sourceTree = BUILT_PRODUCTS_DIR; };
		35D33C5BF06C553CD6F7BE0C /* Pods-FootballPickEmAppTests.release.xcconfig */ = {isa = PBXFileReference; includeInIndex = 1; lastKnownFileType = text.xcconfig; name = "Pods-FootballPickEmAppTests.release.xcconfig"; path = "Pods/Target Support Files/Pods-FootballPickEmAppTests/Pods-FootballPickEmAppTests.release.xcconfig"; sourceTree = "<group>"; };
		37A2F59DE7F4AA11CEEE5954 /* Pods_FootballPickEmApp.framework */ = {isa = PBXFileReference; explicitFileType = wrapper.framework; includeInIndex = 0; path = Pods_FootballPickEmApp.framework; sourceTree = BUILT_PRODUCTS_DIR; };
		4C4597345EA711EC804D1E0E /* Pods-FootballPickEmApp.release.xcconfig */ = {isa = PBXFileReference; includeInIndex = 1; lastKnownFileType = text.xcconfig; name = "Pods-FootballPickEmApp.release.xcconfig"; path = "Pods/Target Support Files/Pods-FootballPickEmApp/Pods-FootballPickEmApp.release.xcconfig"; sourceTree = "<group>"; };
		7D85B79E77B71EA8C801720F /* Pods_FootballPickEmAppTests.framework */ = {isa = PBXFileReference; explicitFileType = wrapper.framework; includeInIndex = 0; path = Pods_FootballPickEmAppTests.framework; sourceTree = BUILT_PRODUCTS_DIR; };
		95493880268107815D2318D4 /* Pods-FootballPickEmAppUITests.debug.xcconfig */ = {isa = PBXFileReference; includeInIndex = 1; lastKnownFileType = text.xcconfig; name = "Pods-FootballPickEmAppUITests.debug.xcconfig"; path = "Pods/Target Support Files/Pods-FootballPickEmAppUITests/Pods-FootballPickEmAppUITests.debug.xcconfig"; sourceTree = "<group>"; };
		D0171E531FD4AFB500DBF275 /* StandingsViewController.swift */ = {isa = PBXFileReference; lastKnownFileType = sourcecode.swift; path = StandingsViewController.swift; sourceTree = "<group>"; };
		D0171E551FD4AFD100DBF275 /* GroupViewController.swift */ = {isa = PBXFileReference; lastKnownFileType = sourcecode.swift; path = GroupViewController.swift; sourceTree = "<group>"; };
		D0171E571FD4B3BA00DBF275 /* UserStandingCell.swift */ = {isa = PBXFileReference; lastKnownFileType = sourcecode.swift; path = UserStandingCell.swift; sourceTree = "<group>"; };
		D0171E591FD63D1300DBF275 /* PickCell.swift */ = {isa = PBXFileReference; lastKnownFileType = sourcecode.swift; path = PickCell.swift; sourceTree = "<group>"; };
		D0171E5B1FD63D5700DBF275 /* Matchup.swift */ = {isa = PBXFileReference; lastKnownFileType = sourcecode.swift; path = Matchup.swift; sourceTree = "<group>"; };
		D0171E5D1FD63ECC00DBF275 /* Team.swift */ = {isa = PBXFileReference; lastKnownFileType = sourcecode.swift; path = Team.swift; sourceTree = "<group>"; };
		D0171E611FD6554A00DBF275 /* IndividualPickViewController.swift */ = {isa = PBXFileReference; lastKnownFileType = sourcecode.swift; path = IndividualPickViewController.swift; sourceTree = "<group>"; };
		D0171E631FD65A3600DBF275 /* ImageService.swift */ = {isa = PBXFileReference; lastKnownFileType = sourcecode.swift; path = ImageService.swift; sourceTree = "<group>"; };
		D0171E651FD7577D00DBF275 /* User.swift */ = {isa = PBXFileReference; lastKnownFileType = sourcecode.swift; path = User.swift; sourceTree = "<group>"; };
		D0171E671FD9C90200DBF275 /* StandingCell.swift */ = {isa = PBXFileReference; lastKnownFileType = sourcecode.swift; path = StandingCell.swift; sourceTree = "<group>"; };
		D0171E691FDB051F00DBF275 /* UserHistoryViewController.swift */ = {isa = PBXFileReference; lastKnownFileType = sourcecode.swift; path = UserHistoryViewController.swift; sourceTree = "<group>"; };
		D0171E6B1FDB062000DBF275 /* HistoryCell.swift */ = {isa = PBXFileReference; lastKnownFileType = sourcecode.swift; path = HistoryCell.swift; sourceTree = "<group>"; };
		D0171E6D1FDC7CCD00DBF275 /* DeleteAccountViewController.swift */ = {isa = PBXFileReference; lastKnownFileType = sourcecode.swift; path = DeleteAccountViewController.swift; sourceTree = "<group>"; };
		D0171E6F1FDC7CD800DBF275 /* ChangePasswordViewController.swift */ = {isa = PBXFileReference; lastKnownFileType = sourcecode.swift; path = ChangePasswordViewController.swift; sourceTree = "<group>"; };
		D0171E711FDC7D3800DBF275 /* SettingsViewController.swift */ = {isa = PBXFileReference; lastKnownFileType = sourcecode.swift; path = SettingsViewController.swift; sourceTree = "<group>"; };
		D062060E1FCDD2DE00D82FA4 /* AVFoundation.framework */ = {isa = PBXFileReference; lastKnownFileType = wrapper.framework; name = AVFoundation.framework; path = System/Library/Frameworks/AVFoundation.framework; sourceTree = SDKROOT; };
		D06206141FCDD6A700D82FA4 /* welcomePageViewController.swift */ = {isa = PBXFileReference; lastKnownFileType = sourcecode.swift; path = welcomePageViewController.swift; sourceTree = "<group>"; };
		D06206161FCDD9F000D82FA4 /* RegistrationViewController.swift */ = {isa = PBXFileReference; lastKnownFileType = sourcecode.swift; path = RegistrationViewController.swift; sourceTree = "<group>"; };
		D067ED572117D25D00557F19 /* Week.swift */ = {isa = PBXFileReference; lastKnownFileType = sourcecode.swift; path = Week.swift; sourceTree = "<group>"; };
		D0722989214D892A005181DD /* footballImage2.jpg */ = {isa = PBXFileReference; lastKnownFileType = image.jpeg; path = footballImage2.jpg; sourceTree = "<group>"; };
		D0A4DA2B1FCB4ED70037D930 /* SignInViewController.swift */ = {isa = PBXFileReference; lastKnownFileType = sourcecode.swift; path = SignInViewController.swift; sourceTree = "<group>"; };
		D0C25EC41FC4CE9300DB03CD /* FootballPickEmApp.app */ = {isa = PBXFileReference; explicitFileType = wrapper.application; includeInIndex = 0; path = FootballPickEmApp.app; sourceTree = BUILT_PRODUCTS_DIR; };
		D0C25EC71FC4CE9300DB03CD /* AppDelegate.swift */ = {isa = PBXFileReference; lastKnownFileType = sourcecode.swift; path = AppDelegate.swift; sourceTree = "<group>"; };
		D0C25ECC1FC4CE9300DB03CD /* Base */ = {isa = PBXFileReference; lastKnownFileType = file.storyboard; name = Base; path = Base.lproj/Main.storyboard; sourceTree = "<group>"; };
		D0C25ECE1FC4CE9300DB03CD /* Assets.xcassets */ = {isa = PBXFileReference; lastKnownFileType = folder.assetcatalog; path = Assets.xcassets; sourceTree = "<group>"; };
		D0C25ED11FC4CE9300DB03CD /* Base */ = {isa = PBXFileReference; lastKnownFileType = file.storyboard; name = Base; path = Base.lproj/LaunchScreen.storyboard; sourceTree = "<group>"; };
		D0C25ED31FC4CE9300DB03CD /* Info.plist */ = {isa = PBXFileReference; lastKnownFileType = text.plist.xml; path = Info.plist; sourceTree = "<group>"; };
		D0C25ED81FC4CE9300DB03CD /* FootballPickEmAppTests.xctest */ = {isa = PBXFileReference; explicitFileType = wrapper.cfbundle; includeInIndex = 0; path = FootballPickEmAppTests.xctest; sourceTree = BUILT_PRODUCTS_DIR; };
		D0C25EDC1FC4CE9300DB03CD /* FootballPickEmAppTests.swift */ = {isa = PBXFileReference; lastKnownFileType = sourcecode.swift; path = FootballPickEmAppTests.swift; sourceTree = "<group>"; };
		D0C25EDE1FC4CE9300DB03CD /* Info.plist */ = {isa = PBXFileReference; lastKnownFileType = text.plist.xml; path = Info.plist; sourceTree = "<group>"; };
		D0C25EE31FC4CE9300DB03CD /* FootballPickEmAppUITests.xctest */ = {isa = PBXFileReference; explicitFileType = wrapper.cfbundle; includeInIndex = 0; path = FootballPickEmAppUITests.xctest; sourceTree = BUILT_PRODUCTS_DIR; };
		D0C25EE71FC4CE9300DB03CD /* FootballPickEmAppUITests.swift */ = {isa = PBXFileReference; lastKnownFileType = sourcecode.swift; path = FootballPickEmAppUITests.swift; sourceTree = "<group>"; };
		D0C25EE91FC4CE9300DB03CD /* Info.plist */ = {isa = PBXFileReference; lastKnownFileType = text.plist.xml; path = Info.plist; sourceTree = "<group>"; };
		D0C25EF51FC4CED900DB03CD /* GoogleService-Info.plist */ = {isa = PBXFileReference; fileEncoding = 4; lastKnownFileType = text.plist.xml; path = "GoogleService-Info.plist"; sourceTree = "<group>"; };
		D42267B1E43C31E0DB57D9F5 /* Pods-FootballPickEmAppUITests.release.xcconfig */ = {isa = PBXFileReference; includeInIndex = 1; lastKnownFileType = text.xcconfig; name = "Pods-FootballPickEmAppUITests.release.xcconfig"; path = "Pods/Target Support Files/Pods-FootballPickEmAppUITests/Pods-FootballPickEmAppUITests.release.xcconfig"; sourceTree = "<group>"; };
		DE5736D4E70BE6A1BCE47558 /* Pods-FootballPickEmApp.debug.xcconfig */ = {isa = PBXFileReference; includeInIndex = 1; lastKnownFileType = text.xcconfig; name = "Pods-FootballPickEmApp.debug.xcconfig"; path = "Pods/Target Support Files/Pods-FootballPickEmApp/Pods-FootballPickEmApp.debug.xcconfig"; sourceTree = "<group>"; };
		EF133FBF85CEC671AEB76F82 /* Pods-FootballPickEmAppTests.debug.xcconfig */ = {isa = PBXFileReference; includeInIndex = 1; lastKnownFileType = text.xcconfig; name = "Pods-FootballPickEmAppTests.debug.xcconfig"; path = "Pods/Target Support Files/Pods-FootballPickEmAppTests/Pods-FootballPickEmAppTests.debug.xcconfig"; sourceTree = "<group>"; };
/* End PBXFileReference section */

/* Begin PBXFrameworksBuildPhase section */
		D0C25EC11FC4CE9300DB03CD /* Frameworks */ = {
			isa = PBXFrameworksBuildPhase;
			buildActionMask = 2147483647;
			files = (
				D062060F1FCDD2DE00D82FA4 /* AVFoundation.framework in Frameworks */,
				4D5AE32EA1C1B4C7AFF87EE9 /* Pods_FootballPickEmApp.framework in Frameworks */,
			);
			runOnlyForDeploymentPostprocessing = 0;
		};
		D0C25ED51FC4CE9300DB03CD /* Frameworks */ = {
			isa = PBXFrameworksBuildPhase;
			buildActionMask = 2147483647;
			files = (
				9C49AE7DCE11001C2685EED9 /* Pods_FootballPickEmAppTests.framework in Frameworks */,
			);
			runOnlyForDeploymentPostprocessing = 0;
		};
		D0C25EE01FC4CE9300DB03CD /* Frameworks */ = {
			isa = PBXFrameworksBuildPhase;
			buildActionMask = 2147483647;
			files = (
				D3DF75AE937C72B0DCAF4F3F /* Pods_FootballPickEmAppUITests.framework in Frameworks */,
			);
			runOnlyForDeploymentPostprocessing = 0;
		};
/* End PBXFrameworksBuildPhase section */

/* Begin PBXGroup section */
		1AAF81AB70EE155137E26835 /* Pods */ = {
			isa = PBXGroup;
			children = (
				DE5736D4E70BE6A1BCE47558 /* Pods-FootballPickEmApp.debug.xcconfig */,
				4C4597345EA711EC804D1E0E /* Pods-FootballPickEmApp.release.xcconfig */,
				EF133FBF85CEC671AEB76F82 /* Pods-FootballPickEmAppTests.debug.xcconfig */,
				35D33C5BF06C553CD6F7BE0C /* Pods-FootballPickEmAppTests.release.xcconfig */,
				95493880268107815D2318D4 /* Pods-FootballPickEmAppUITests.debug.xcconfig */,
				D42267B1E43C31E0DB57D9F5 /* Pods-FootballPickEmAppUITests.release.xcconfig */,
			);
			name = Pods;
			sourceTree = "<group>";
		};
		D0C25EBB1FC4CE9300DB03CD = {
			isa = PBXGroup;
			children = (
				D0C25EC61FC4CE9300DB03CD /* FootballPickEmApp */,
				D0C25EDB1FC4CE9300DB03CD /* FootballPickEmAppTests */,
				D0C25EE61FC4CE9300DB03CD /* FootballPickEmAppUITests */,
				D0C25EC51FC4CE9300DB03CD /* Products */,
				1AAF81AB70EE155137E26835 /* Pods */,
				E9A1203B79C046BDB9708B75 /* Frameworks */,
			);
			sourceTree = "<group>";
		};
		D0C25EC51FC4CE9300DB03CD /* Products */ = {
			isa = PBXGroup;
			children = (
				D0C25EC41FC4CE9300DB03CD /* FootballPickEmApp.app */,
				D0C25ED81FC4CE9300DB03CD /* FootballPickEmAppTests.xctest */,
				D0C25EE31FC4CE9300DB03CD /* FootballPickEmAppUITests.xctest */,
			);
			name = Products;
			sourceTree = "<group>";
		};
		D0C25EC61FC4CE9300DB03CD /* FootballPickEmApp */ = {
			isa = PBXGroup;
			children = (
				D0C25EC71FC4CE9300DB03CD /* AppDelegate.swift */,
				D0C25ECB1FC4CE9300DB03CD /* Main.storyboard */,
				D0C25ECE1FC4CE9300DB03CD /* Assets.xcassets */,
				D0722989214D892A005181DD /* footballImage2.jpg */,
				D0C25ED01FC4CE9300DB03CD /* LaunchScreen.storyboard */,
				D0C25ED31FC4CE9300DB03CD /* Info.plist */,
				D0C25EF51FC4CED900DB03CD /* GoogleService-Info.plist */,
				D0A4DA2B1FCB4ED70037D930 /* SignInViewController.swift */,
				D06206141FCDD6A700D82FA4 /* welcomePageViewController.swift */,
				D0171E591FD63D1300DBF275 /* PickCell.swift */,
				D0171E611FD6554A00DBF275 /* IndividualPickViewController.swift */,
				D0171E631FD65A3600DBF275 /* ImageService.swift */,
				D06206161FCDD9F000D82FA4 /* RegistrationViewController.swift */,
				D0171E651FD7577D00DBF275 /* User.swift */,
				D0171E5B1FD63D5700DBF275 /* Matchup.swift */,
				D0171E531FD4AFB500DBF275 /* StandingsViewController.swift */,
				D0171E671FD9C90200DBF275 /* StandingCell.swift */,
				D0171E551FD4AFD100DBF275 /* GroupViewController.swift */,
				D0171E571FD4B3BA00DBF275 /* UserStandingCell.swift */,
				D0171E691FDB051F00DBF275 /* UserHistoryViewController.swift */,
				D0171E5D1FD63ECC00DBF275 /* Team.swift */,
				D0171E6B1FDB062000DBF275 /* HistoryCell.swift */,
				D0171E6D1FDC7CCD00DBF275 /* DeleteAccountViewController.swift */,
				D0171E6F1FDC7CD800DBF275 /* ChangePasswordViewController.swift */,
				D0171E711FDC7D3800DBF275 /* SettingsViewController.swift */,
				D067ED572117D25D00557F19 /* Week.swift */,
			);
			path = FootballPickEmApp;
			sourceTree = "<group>";
		};
		D0C25EDB1FC4CE9300DB03CD /* FootballPickEmAppTests */ = {
			isa = PBXGroup;
			children = (
				D0C25EDC1FC4CE9300DB03CD /* FootballPickEmAppTests.swift */,
				D0C25EDE1FC4CE9300DB03CD /* Info.plist */,
			);
			path = FootballPickEmAppTests;
			sourceTree = "<group>";
		};
		D0C25EE61FC4CE9300DB03CD /* FootballPickEmAppUITests */ = {
			isa = PBXGroup;
			children = (
				D0C25EE71FC4CE9300DB03CD /* FootballPickEmAppUITests.swift */,
				D0C25EE91FC4CE9300DB03CD /* Info.plist */,
			);
			path = FootballPickEmAppUITests;
			sourceTree = "<group>";
		};
		E9A1203B79C046BDB9708B75 /* Frameworks */ = {
			isa = PBXGroup;
			children = (
				D062060E1FCDD2DE00D82FA4 /* AVFoundation.framework */,
				37A2F59DE7F4AA11CEEE5954 /* Pods_FootballPickEmApp.framework */,
				7D85B79E77B71EA8C801720F /* Pods_FootballPickEmAppTests.framework */,
				314A02F284A7662B35A6F1D4 /* Pods_FootballPickEmAppUITests.framework */,
			);
			name = Frameworks;
			sourceTree = "<group>";
		};
/* End PBXGroup section */

/* Begin PBXNativeTarget section */
		D0C25EC31FC4CE9300DB03CD /* FootballPickEmApp */ = {
			isa = PBXNativeTarget;
			buildConfigurationList = D0C25EEC1FC4CE9300DB03CD /* Build configuration list for PBXNativeTarget "FootballPickEmApp" */;
			buildPhases = (
				CAE2EEC0E99B90BEAE124C1F /* [CP] Check Pods Manifest.lock */,
				D0C25EC01FC4CE9300DB03CD /* Sources */,
				D0C25EC11FC4CE9300DB03CD /* Frameworks */,
				D0C25EC21FC4CE9300DB03CD /* Resources */,
				903607515AD30241611F75AF /* [CP] Embed Pods Frameworks */,
				2A68A83A8BA7EC53093E73AA /* [CP] Copy Pods Resources */,
			);
			buildRules = (
			);
			dependencies = (
			);
			name = FootballPickEmApp;
			productName = FootballPickEmApp;
			productReference = D0C25EC41FC4CE9300DB03CD /* FootballPickEmApp.app */;
			productType = "com.apple.product-type.application";
		};
		D0C25ED71FC4CE9300DB03CD /* FootballPickEmAppTests */ = {
			isa = PBXNativeTarget;
			buildConfigurationList = D0C25EEF1FC4CE9300DB03CD /* Build configuration list for PBXNativeTarget "FootballPickEmAppTests" */;
			buildPhases = (
				ADA7796A0CF1BA3498D7C3B9 /* [CP] Check Pods Manifest.lock */,
				D0C25ED41FC4CE9300DB03CD /* Sources */,
				D0C25ED51FC4CE9300DB03CD /* Frameworks */,
				D0C25ED61FC4CE9300DB03CD /* Resources */,
				4533A53393B76B3551C2E7B0 /* [CP] Embed Pods Frameworks */,
				0C3A9B5C78885E968AEA80A1 /* [CP] Copy Pods Resources */,
			);
			buildRules = (
			);
			dependencies = (
				D0C25EDA1FC4CE9300DB03CD /* PBXTargetDependency */,
			);
			name = FootballPickEmAppTests;
			productName = FootballPickEmAppTests;
			productReference = D0C25ED81FC4CE9300DB03CD /* FootballPickEmAppTests.xctest */;
			productType = "com.apple.product-type.bundle.unit-test";
		};
		D0C25EE21FC4CE9300DB03CD /* FootballPickEmAppUITests */ = {
			isa = PBXNativeTarget;
			buildConfigurationList = D0C25EF21FC4CE9300DB03CD /* Build configuration list for PBXNativeTarget "FootballPickEmAppUITests" */;
			buildPhases = (
				3812B89290038BA5745A3890 /* [CP] Check Pods Manifest.lock */,
				D0C25EDF1FC4CE9300DB03CD /* Sources */,
				D0C25EE01FC4CE9300DB03CD /* Frameworks */,
				D0C25EE11FC4CE9300DB03CD /* Resources */,
				B213D3DBA475D4EE0DC9208A /* [CP] Embed Pods Frameworks */,
				1783A15E47B722C29B848155 /* [CP] Copy Pods Resources */,
			);
			buildRules = (
			);
			dependencies = (
				D0C25EE51FC4CE9300DB03CD /* PBXTargetDependency */,
			);
			name = FootballPickEmAppUITests;
			productName = FootballPickEmAppUITests;
			productReference = D0C25EE31FC4CE9300DB03CD /* FootballPickEmAppUITests.xctest */;
			productType = "com.apple.product-type.bundle.ui-testing";
		};
/* End PBXNativeTarget section */

/* Begin PBXProject section */
		D0C25EBC1FC4CE9300DB03CD /* Project object */ = {
			isa = PBXProject;
			attributes = {
				LastSwiftUpdateCheck = 0910;
				LastUpgradeCheck = 0910;
				ORGANIZATIONNAME = "Justin Kalan";
				TargetAttributes = {
					D0C25EC31FC4CE9300DB03CD = {
						CreatedOnToolsVersion = 9.1;
						ProvisioningStyle = Manual;
					};
					D0C25ED71FC4CE9300DB03CD = {
						CreatedOnToolsVersion = 9.1;
						ProvisioningStyle = Automatic;
						TestTargetID = D0C25EC31FC4CE9300DB03CD;
					};
					D0C25EE21FC4CE9300DB03CD = {
						CreatedOnToolsVersion = 9.1;
						ProvisioningStyle = Automatic;
						TestTargetID = D0C25EC31FC4CE9300DB03CD;
					};
				};
			};
			buildConfigurationList = D0C25EBF1FC4CE9300DB03CD /* Build configuration list for PBXProject "FootballPickEmApp" */;
			compatibilityVersion = "Xcode 8.0";
			developmentRegion = en;
			hasScannedForEncodings = 0;
			knownRegions = (
				en,
				Base,
			);
			mainGroup = D0C25EBB1FC4CE9300DB03CD;
			productRefGroup = D0C25EC51FC4CE9300DB03CD /* Products */;
			projectDirPath = "";
			projectRoot = "";
			targets = (
				D0C25EC31FC4CE9300DB03CD /* FootballPickEmApp */,
				D0C25ED71FC4CE9300DB03CD /* FootballPickEmAppTests */,
				D0C25EE21FC4CE9300DB03CD /* FootballPickEmAppUITests */,
			);
		};
/* End PBXProject section */

/* Begin PBXResourcesBuildPhase section */
		D0C25EC21FC4CE9300DB03CD /* Resources */ = {
			isa = PBXResourcesBuildPhase;
			buildActionMask = 2147483647;
			files = (
				D0C25ED21FC4CE9300DB03CD /* LaunchScreen.storyboard in Resources */,
				D0C25EF61FC4CED900DB03CD /* GoogleService-Info.plist in Resources */,
				D0C25ECF1FC4CE9300DB03CD /* Assets.xcassets in Resources */,
				D0C25ECD1FC4CE9300DB03CD /* Main.storyboard in Resources */,
				D072298A214D892B005181DD /* footballImage2.jpg in Resources */,
			);
			runOnlyForDeploymentPostprocessing = 0;
		};
		D0C25ED61FC4CE9300DB03CD /* Resources */ = {
			isa = PBXResourcesBuildPhase;
			buildActionMask = 2147483647;
			files = (
			);
			runOnlyForDeploymentPostprocessing = 0;
		};
		D0C25EE11FC4CE9300DB03CD /* Resources */ = {
			isa = PBXResourcesBuildPhase;
			buildActionMask = 2147483647;
			files = (
			);
			runOnlyForDeploymentPostprocessing = 0;
		};
/* End PBXResourcesBuildPhase section */

/* Begin PBXShellScriptBuildPhase section */
		0C3A9B5C78885E968AEA80A1 /* [CP] Copy Pods Resources */ = {
			isa = PBXShellScriptBuildPhase;
			buildActionMask = 2147483647;
			files = (
			);
			inputPaths = (
			);
			name = "[CP] Copy Pods Resources";
			outputPaths = (
			);
			runOnlyForDeploymentPostprocessing = 0;
			shellPath = /bin/sh;
			shellScript = "\"${SRCROOT}/Pods/Target Support Files/Pods-FootballPickEmAppTests/Pods-FootballPickEmAppTests-resources.sh\"\n";
			showEnvVarsInLog = 0;
		};
		1783A15E47B722C29B848155 /* [CP] Copy Pods Resources */ = {
			isa = PBXShellScriptBuildPhase;
			buildActionMask = 2147483647;
			files = (
			);
			inputPaths = (
			);
			name = "[CP] Copy Pods Resources";
			outputPaths = (
			);
			runOnlyForDeploymentPostprocessing = 0;
			shellPath = /bin/sh;
			shellScript = "\"${SRCROOT}/Pods/Target Support Files/Pods-FootballPickEmAppUITests/Pods-FootballPickEmAppUITests-resources.sh\"\n";
			showEnvVarsInLog = 0;
		};
		2A68A83A8BA7EC53093E73AA /* [CP] Copy Pods Resources */ = {
			isa = PBXShellScriptBuildPhase;
			buildActionMask = 2147483647;
			files = (
			);
			inputPaths = (
				"${SRCROOT}/Pods/Target Support Files/Pods-FootballPickEmApp/Pods-FootballPickEmApp-resources.sh",
				"${PODS_ROOT}/GoogleSignIn/Resources/GoogleSignIn.bundle",
			);
			name = "[CP] Copy Pods Resources";
			outputPaths = (
				"${TARGET_BUILD_DIR}/${UNLOCALIZED_RESOURCES_FOLDER_PATH}",
			);
			runOnlyForDeploymentPostprocessing = 0;
			shellPath = /bin/sh;
			shellScript = "\"${SRCROOT}/Pods/Target Support Files/Pods-FootballPickEmApp/Pods-FootballPickEmApp-resources.sh\"\n";
			showEnvVarsInLog = 0;
		};
		3812B89290038BA5745A3890 /* [CP] Check Pods Manifest.lock */ = {
			isa = PBXShellScriptBuildPhase;
			buildActionMask = 2147483647;
			files = (
			);
			inputPaths = (
				"${PODS_PODFILE_DIR_PATH}/Podfile.lock",
				"${PODS_ROOT}/Manifest.lock",
			);
			name = "[CP] Check Pods Manifest.lock";
			outputPaths = (
				"$(DERIVED_FILE_DIR)/Pods-FootballPickEmAppUITests-checkManifestLockResult.txt",
			);
			runOnlyForDeploymentPostprocessing = 0;
			shellPath = /bin/sh;
			shellScript = "diff \"${PODS_PODFILE_DIR_PATH}/Podfile.lock\" \"${PODS_ROOT}/Manifest.lock\" > /dev/null\nif [ $? != 0 ] ; then\n    # print error to STDERR\n    echo \"error: The sandbox is not in sync with the Podfile.lock. Run 'pod install' or update your CocoaPods installation.\" >&2\n    exit 1\nfi\n# This output is used by Xcode 'outputs' to avoid re-running this script phase.\necho \"SUCCESS\" > \"${SCRIPT_OUTPUT_FILE_0}\"\n";
			showEnvVarsInLog = 0;
		};
		4533A53393B76B3551C2E7B0 /* [CP] Embed Pods Frameworks */ = {
			isa = PBXShellScriptBuildPhase;
			buildActionMask = 2147483647;
			files = (
			);
			inputPaths = (
			);
			name = "[CP] Embed Pods Frameworks";
			outputPaths = (
			);
			runOnlyForDeploymentPostprocessing = 0;
			shellPath = /bin/sh;
			shellScript = "\"${SRCROOT}/Pods/Target Support Files/Pods-FootballPickEmAppTests/Pods-FootballPickEmAppTests-frameworks.sh\"\n";
			showEnvVarsInLog = 0;
		};
		903607515AD30241611F75AF /* [CP] Embed Pods Frameworks */ = {
			isa = PBXShellScriptBuildPhase;
			buildActionMask = 2147483647;
			files = (
			);
			inputPaths = (
				"${SRCROOT}/Pods/Target Support Files/Pods-FootballPickEmApp/Pods-FootballPickEmApp-frameworks.sh",
				"${BUILT_PRODUCTS_DIR}/GTMOAuth2/GTMOAuth2.framework",
				"${BUILT_PRODUCTS_DIR}/GTMSessionFetcher/GTMSessionFetcher.framework",
				"${BUILT_PRODUCTS_DIR}/GoogleToolboxForMac/GoogleToolboxForMac.framework",
				"${BUILT_PRODUCTS_DIR}/leveldb-library/leveldb.framework",
				"${BUILT_PRODUCTS_DIR}/nanopb/nanopb.framework",
			);
			name = "[CP] Embed Pods Frameworks";
			outputPaths = (
				"${TARGET_BUILD_DIR}/${FRAMEWORKS_FOLDER_PATH}/GTMOAuth2.framework",
				"${TARGET_BUILD_DIR}/${FRAMEWORKS_FOLDER_PATH}/GTMSessionFetcher.framework",
				"${TARGET_BUILD_DIR}/${FRAMEWORKS_FOLDER_PATH}/GoogleToolboxForMac.framework",
				"${TARGET_BUILD_DIR}/${FRAMEWORKS_FOLDER_PATH}/leveldb.framework",
				"${TARGET_BUILD_DIR}/${FRAMEWORKS_FOLDER_PATH}/nanopb.framework",
			);
			runOnlyForDeploymentPostprocessing = 0;
			shellPath = /bin/sh;
			shellScript = "\"${SRCROOT}/Pods/Target Support Files/Pods-FootballPickEmApp/Pods-FootballPickEmApp-frameworks.sh\"\n";
			showEnvVarsInLog = 0;
		};
		ADA7796A0CF1BA3498D7C3B9 /* [CP] Check Pods Manifest.lock */ = {
			isa = PBXShellScriptBuildPhase;
			buildActionMask = 2147483647;
			files = (
			);
			inputPaths = (
				"${PODS_PODFILE_DIR_PATH}/Podfile.lock",
				"${PODS_ROOT}/Manifest.lock",
			);
			name = "[CP] Check Pods Manifest.lock";
			outputPaths = (
				"$(DERIVED_FILE_DIR)/Pods-FootballPickEmAppTests-checkManifestLockResult.txt",
			);
			runOnlyForDeploymentPostprocessing = 0;
			shellPath = /bin/sh;
			shellScript = "diff \"${PODS_PODFILE_DIR_PATH}/Podfile.lock\" \"${PODS_ROOT}/Manifest.lock\" > /dev/null\nif [ $? != 0 ] ; then\n    # print error to STDERR\n    echo \"error: The sandbox is not in sync with the Podfile.lock. Run 'pod install' or update your CocoaPods installation.\" >&2\n    exit 1\nfi\n# This output is used by Xcode 'outputs' to avoid re-running this script phase.\necho \"SUCCESS\" > \"${SCRIPT_OUTPUT_FILE_0}\"\n";
			showEnvVarsInLog = 0;
		};
		B213D3DBA475D4EE0DC9208A /* [CP] Embed Pods Frameworks */ = {
			isa = PBXShellScriptBuildPhase;
			buildActionMask = 2147483647;
			files = (
			);
			inputPaths = (
			);
			name = "[CP] Embed Pods Frameworks";
			outputPaths = (
			);
			runOnlyForDeploymentPostprocessing = 0;
			shellPath = /bin/sh;
			shellScript = "\"${SRCROOT}/Pods/Target Support Files/Pods-FootballPickEmAppUITests/Pods-FootballPickEmAppUITests-frameworks.sh\"\n";
			showEnvVarsInLog = 0;
		};
		CAE2EEC0E99B90BEAE124C1F /* [CP] Check Pods Manifest.lock */ = {
			isa = PBXShellScriptBuildPhase;
			buildActionMask = 2147483647;
			files = (
			);
			inputPaths = (
				"${PODS_PODFILE_DIR_PATH}/Podfile.lock",
				"${PODS_ROOT}/Manifest.lock",
			);
			name = "[CP] Check Pods Manifest.lock";
			outputPaths = (
				"$(DERIVED_FILE_DIR)/Pods-FootballPickEmApp-checkManifestLockResult.txt",
			);
			runOnlyForDeploymentPostprocessing = 0;
			shellPath = /bin/sh;
			shellScript = "diff \"${PODS_PODFILE_DIR_PATH}/Podfile.lock\" \"${PODS_ROOT}/Manifest.lock\" > /dev/null\nif [ $? != 0 ] ; then\n    # print error to STDERR\n    echo \"error: The sandbox is not in sync with the Podfile.lock. Run 'pod install' or update your CocoaPods installation.\" >&2\n    exit 1\nfi\n# This output is used by Xcode 'outputs' to avoid re-running this script phase.\necho \"SUCCESS\" > \"${SCRIPT_OUTPUT_FILE_0}\"\n";
			showEnvVarsInLog = 0;
		};
/* End PBXShellScriptBuildPhase section */

/* Begin PBXSourcesBuildPhase section */
		D0C25EC01FC4CE9300DB03CD /* Sources */ = {
			isa = PBXSourcesBuildPhase;
			buildActionMask = 2147483647;
			files = (
				D0171E5E1FD63ECC00DBF275 /* Team.swift in Sources */,
				D0171E5A1FD63D1300DBF275 /* PickCell.swift in Sources */,
				D067ED582117D25D00557F19 /* Week.swift in Sources */,
				D0171E681FD9C90200DBF275 /* StandingCell.swift in Sources */,
				D0171E561FD4AFD100DBF275 /* GroupViewController.swift in Sources */,
				D06206171FCDD9F000D82FA4 /* RegistrationViewController.swift in Sources */,
				D0171E6E1FDC7CCD00DBF275 /* DeleteAccountViewController.swift in Sources */,
				D0171E701FDC7CD800DBF275 /* ChangePasswordViewController.swift in Sources */,
				D0171E661FD7577D00DBF275 /* User.swift in Sources */,
				D0171E581FD4B3BA00DBF275 /* UserStandingCell.swift in Sources */,
				D0A4DA2C1FCB4ED70037D930 /* SignInViewController.swift in Sources */,
				D06206151FCDD6A700D82FA4 /* welcomePageViewController.swift in Sources */,
				D0171E5C1FD63D5700DBF275 /* Matchup.swift in Sources */,
				D0171E641FD65A3600DBF275 /* ImageService.swift in Sources */,
				D0171E721FDC7D3800DBF275 /* SettingsViewController.swift in Sources */,
				D0171E6C1FDB062000DBF275 /* HistoryCell.swift in Sources */,
				D0171E621FD6554A00DBF275 /* IndividualPickViewController.swift in Sources */,
				D0171E6A1FDB051F00DBF275 /* UserHistoryViewController.swift in Sources */,
				D0171E541FD4AFB500DBF275 /* StandingsViewController.swift in Sources */,
				D0C25EC81FC4CE9300DB03CD /* AppDelegate.swift in Sources */,
			);
			runOnlyForDeploymentPostprocessing = 0;
		};
		D0C25ED41FC4CE9300DB03CD /* Sources */ = {
			isa = PBXSourcesBuildPhase;
			buildActionMask = 2147483647;
			files = (
				D0C25EDD1FC4CE9300DB03CD /* FootballPickEmAppTests.swift in Sources */,
			);
			runOnlyForDeploymentPostprocessing = 0;
		};
		D0C25EDF1FC4CE9300DB03CD /* Sources */ = {
			isa = PBXSourcesBuildPhase;
			buildActionMask = 2147483647;
			files = (
				D0C25EE81FC4CE9300DB03CD /* FootballPickEmAppUITests.swift in Sources */,
			);
			runOnlyForDeploymentPostprocessing = 0;
		};
/* End PBXSourcesBuildPhase section */

/* Begin PBXTargetDependency section */
		D0C25EDA1FC4CE9300DB03CD /* PBXTargetDependency */ = {
			isa = PBXTargetDependency;
			target = D0C25EC31FC4CE9300DB03CD /* FootballPickEmApp */;
			targetProxy = D0C25ED91FC4CE9300DB03CD /* PBXContainerItemProxy */;
		};
		D0C25EE51FC4CE9300DB03CD /* PBXTargetDependency */ = {
			isa = PBXTargetDependency;
			target = D0C25EC31FC4CE9300DB03CD /* FootballPickEmApp */;
			targetProxy = D0C25EE41FC4CE9300DB03CD /* PBXContainerItemProxy */;
		};
/* End PBXTargetDependency section */

/* Begin PBXVariantGroup section */
		D0C25ECB1FC4CE9300DB03CD /* Main.storyboard */ = {
			isa = PBXVariantGroup;
			children = (
				D0C25ECC1FC4CE9300DB03CD /* Base */,
			);
			name = Main.storyboard;
			sourceTree = "<group>";
		};
		D0C25ED01FC4CE9300DB03CD /* LaunchScreen.storyboard */ = {
			isa = PBXVariantGroup;
			children = (
				D0C25ED11FC4CE9300DB03CD /* Base */,
			);
			name = LaunchScreen.storyboard;
			sourceTree = "<group>";
		};
/* End PBXVariantGroup section */

/* Begin XCBuildConfiguration section */
		D0C25EEA1FC4CE9300DB03CD /* Debug */ = {
			isa = XCBuildConfiguration;
			buildSettings = {
				ALWAYS_SEARCH_USER_PATHS = NO;
				CLANG_ANALYZER_NONNULL = YES;
				CLANG_ANALYZER_NUMBER_OBJECT_CONVERSION = YES_AGGRESSIVE;
				CLANG_CXX_LANGUAGE_STANDARD = "gnu++14";
				CLANG_CXX_LIBRARY = "libc++";
				CLANG_ENABLE_MODULES = YES;
				CLANG_ENABLE_OBJC_ARC = YES;
				CLANG_WARN_BLOCK_CAPTURE_AUTORELEASING = YES;
				CLANG_WARN_BOOL_CONVERSION = YES;
				CLANG_WARN_COMMA = YES;
				CLANG_WARN_CONSTANT_CONVERSION = YES;
				CLANG_WARN_DIRECT_OBJC_ISA_USAGE = YES_ERROR;
				CLANG_WARN_DOCUMENTATION_COMMENTS = YES;
				CLANG_WARN_EMPTY_BODY = YES;
				CLANG_WARN_ENUM_CONVERSION = YES;
				CLANG_WARN_INFINITE_RECURSION = YES;
				CLANG_WARN_INT_CONVERSION = YES;
				CLANG_WARN_NON_LITERAL_NULL_CONVERSION = YES;
				CLANG_WARN_OBJC_LITERAL_CONVERSION = YES;
				CLANG_WARN_OBJC_ROOT_CLASS = YES_ERROR;
				CLANG_WARN_RANGE_LOOP_ANALYSIS = YES;
				CLANG_WARN_STRICT_PROTOTYPES = YES;
				CLANG_WARN_SUSPICIOUS_MOVE = YES;
				CLANG_WARN_UNGUARDED_AVAILABILITY = YES_AGGRESSIVE;
				CLANG_WARN_UNREACHABLE_CODE = YES;
				CLANG_WARN__DUPLICATE_METHOD_MATCH = YES;
				CODE_SIGN_IDENTITY = "iPhone Distribution: Justin Kalan (DC2WLJFSF8)";
				CODE_SIGN_STYLE = Manual;
				COPY_PHASE_STRIP = NO;
				DEBUG_INFORMATION_FORMAT = dwarf;
				DEVELOPMENT_TEAM = DC2WLJFSF8;
				ENABLE_STRICT_OBJC_MSGSEND = YES;
				ENABLE_TESTABILITY = YES;
				GCC_C_LANGUAGE_STANDARD = gnu11;
				GCC_DYNAMIC_NO_PIC = NO;
				GCC_NO_COMMON_BLOCKS = YES;
				GCC_OPTIMIZATION_LEVEL = 0;
				GCC_PREPROCESSOR_DEFINITIONS = (
					"DEBUG=1",
					"$(inherited)",
				);
				GCC_WARN_64_TO_32_BIT_CONVERSION = YES;
				GCC_WARN_ABOUT_RETURN_TYPE = YES_ERROR;
				GCC_WARN_UNDECLARED_SELECTOR = YES;
				GCC_WARN_UNINITIALIZED_AUTOS = YES_AGGRESSIVE;
				GCC_WARN_UNUSED_FUNCTION = YES;
				GCC_WARN_UNUSED_VARIABLE = YES;
				IPHONEOS_DEPLOYMENT_TARGET = 11.1;
				MTL_ENABLE_DEBUG_INFO = YES;
				ONLY_ACTIVE_ARCH = YES;
				PROVISIONING_PROFILE = "207fce2c-059c-4c3e-8d7b-e460e1ec2f56";
				SDKROOT = iphoneos;
				SWIFT_ACTIVE_COMPILATION_CONDITIONS = DEBUG;
				SWIFT_OPTIMIZATION_LEVEL = "-Onone";
			};
			name = Debug;
		};
		D0C25EEB1FC4CE9300DB03CD /* Release */ = {
			isa = XCBuildConfiguration;
			buildSettings = {
				ALWAYS_SEARCH_USER_PATHS = NO;
				CLANG_ANALYZER_NONNULL = YES;
				CLANG_ANALYZER_NUMBER_OBJECT_CONVERSION = YES_AGGRESSIVE;
				CLANG_CXX_LANGUAGE_STANDARD = "gnu++14";
				CLANG_CXX_LIBRARY = "libc++";
				CLANG_ENABLE_MODULES = YES;
				CLANG_ENABLE_OBJC_ARC = YES;
				CLANG_WARN_BLOCK_CAPTURE_AUTORELEASING = YES;
				CLANG_WARN_BOOL_CONVERSION = YES;
				CLANG_WARN_COMMA = YES;
				CLANG_WARN_CONSTANT_CONVERSION = YES;
				CLANG_WARN_DIRECT_OBJC_ISA_USAGE = YES_ERROR;
				CLANG_WARN_DOCUMENTATION_COMMENTS = YES;
				CLANG_WARN_EMPTY_BODY = YES;
				CLANG_WARN_ENUM_CONVERSION = YES;
				CLANG_WARN_INFINITE_RECURSION = YES;
				CLANG_WARN_INT_CONVERSION = YES;
				CLANG_WARN_NON_LITERAL_NULL_CONVERSION = YES;
				CLANG_WARN_OBJC_LITERAL_CONVERSION = YES;
				CLANG_WARN_OBJC_ROOT_CLASS = YES_ERROR;
				CLANG_WARN_RANGE_LOOP_ANALYSIS = YES;
				CLANG_WARN_STRICT_PROTOTYPES = YES;
				CLANG_WARN_SUSPICIOUS_MOVE = YES;
				CLANG_WARN_UNGUARDED_AVAILABILITY = YES_AGGRESSIVE;
				CLANG_WARN_UNREACHABLE_CODE = YES;
				CLANG_WARN__DUPLICATE_METHOD_MATCH = YES;
				CODE_SIGN_IDENTITY = "iPhone Distribution: Justin Kalan (DC2WLJFSF8)";
				CODE_SIGN_STYLE = Manual;
				COPY_PHASE_STRIP = NO;
				DEBUG_INFORMATION_FORMAT = "dwarf-with-dsym";
				DEVELOPMENT_TEAM = DC2WLJFSF8;
				ENABLE_NS_ASSERTIONS = NO;
				ENABLE_STRICT_OBJC_MSGSEND = YES;
				GCC_C_LANGUAGE_STANDARD = gnu11;
				GCC_NO_COMMON_BLOCKS = YES;
				GCC_WARN_64_TO_32_BIT_CONVERSION = YES;
				GCC_WARN_ABOUT_RETURN_TYPE = YES_ERROR;
				GCC_WARN_UNDECLARED_SELECTOR = YES;
				GCC_WARN_UNINITIALIZED_AUTOS = YES_AGGRESSIVE;
				GCC_WARN_UNUSED_FUNCTION = YES;
				GCC_WARN_UNUSED_VARIABLE = YES;
				IPHONEOS_DEPLOYMENT_TARGET = 11.1;
				MTL_ENABLE_DEBUG_INFO = NO;
				ONLY_ACTIVE_ARCH = YES;
				PROVISIONING_PROFILE = "207fce2c-059c-4c3e-8d7b-e460e1ec2f56";
				SDKROOT = iphoneos;
				SWIFT_OPTIMIZATION_LEVEL = "-Owholemodule";
				VALIDATE_PRODUCT = YES;
			};
			name = Release;
		};
		D0C25EED1FC4CE9300DB03CD /* Debug */ = {
			isa = XCBuildConfiguration;
			baseConfigurationReference = DE5736D4E70BE6A1BCE47558 /* Pods-FootballPickEmApp.debug.xcconfig */;
			buildSettings = {
				ASSETCATALOG_COMPILER_APPICON_NAME = AppIcon;
				CODE_SIGN_IDENTITY = "iPhone Distribution";
				CODE_SIGN_STYLE = Manual;
				DEVELOPMENT_TEAM = DC2WLJFSF8;
				INFOPLIST_FILE = FootballPickEmApp/Info.plist;
				IPHONEOS_DEPLOYMENT_TARGET = 11.1;
				LD_RUNPATH_SEARCH_PATHS = "$(inherited) @executable_path/Frameworks";
				ONLY_ACTIVE_ARCH = YES;
				PRODUCT_BUNDLE_IDENTIFIER = "Justin-Kalan.FootballPickEmApp";
				PRODUCT_NAME = "$(TARGET_NAME)";
				PROVISIONING_PROFILE = "207fce2c-059c-4c3e-8d7b-e460e1ec2f56";
				PROVISIONING_PROFILE_SPECIFIER = com.justin.kalan;
				SWIFT_VERSION = 4.0;
				TARGETED_DEVICE_FAMILY = "1,2";
			};
			name = Debug;
		};
		D0C25EEE1FC4CE9300DB03CD /* Release */ = {
			isa = XCBuildConfiguration;
			baseConfigurationReference = 4C4597345EA711EC804D1E0E /* Pods-FootballPickEmApp.release.xcconfig */;
			buildSettings = {
				ASSETCATALOG_COMPILER_APPICON_NAME = AppIcon;
				CODE_SIGN_IDENTITY = "iPhone Distribution";
				CODE_SIGN_STYLE = Manual;
				DEVELOPMENT_TEAM = DC2WLJFSF8;
				INFOPLIST_FILE = FootballPickEmApp/Info.plist;
				IPHONEOS_DEPLOYMENT_TARGET = 11.1;
				LD_RUNPATH_SEARCH_PATHS = "$(inherited) @executable_path/Frameworks";
				ONLY_ACTIVE_ARCH = YES;
				PRODUCT_BUNDLE_IDENTIFIER = "Justin-Kalan.FootballPickEmApp";
				PRODUCT_NAME = "$(TARGET_NAME)";
				PROVISIONING_PROFILE = "207fce2c-059c-4c3e-8d7b-e460e1ec2f56";
				PROVISIONING_PROFILE_SPECIFIER = com.justin.kalan;
				SWIFT_VERSION = 4.0;
				TARGETED_DEVICE_FAMILY = "1,2";
			};
			name = Release;
		};
		D0C25EF01FC4CE9300DB03CD /* Debug */ = {
			isa = XCBuildConfiguration;
			baseConfigurationReference = EF133FBF85CEC671AEB76F82 /* Pods-FootballPickEmAppTests.debug.xcconfig */;
			buildSettings = {
				ALWAYS_EMBED_SWIFT_STANDARD_LIBRARIES = YES;
				BUNDLE_LOADER = "$(TEST_HOST)";
				CODE_SIGN_STYLE = Automatic;
				INFOPLIST_FILE = FootballPickEmAppTests/Info.plist;
				LD_RUNPATH_SEARCH_PATHS = "$(inherited) @executable_path/Frameworks @loader_path/Frameworks";
				PRODUCT_BUNDLE_IDENTIFIER = "Justin-Kalan.FootballPickEmAppTests";
				PRODUCT_NAME = "$(TARGET_NAME)";
				SWIFT_VERSION = 4.0;
				TARGETED_DEVICE_FAMILY = "1,2";
				TEST_HOST = "$(BUILT_PRODUCTS_DIR)/FootballPickEmApp.app/FootballPickEmApp";
			};
			name = Debug;
		};
		D0C25EF11FC4CE9300DB03CD /* Release */ = {
			isa = XCBuildConfiguration;
			baseConfigurationReference = 35D33C5BF06C553CD6F7BE0C /* Pods-FootballPickEmAppTests.release.xcconfig */;
			buildSettings = {
				ALWAYS_EMBED_SWIFT_STANDARD_LIBRARIES = YES;
				BUNDLE_LOADER = "$(TEST_HOST)";
				CODE_SIGN_STYLE = Automatic;
				INFOPLIST_FILE = FootballPickEmAppTests/Info.plist;
				LD_RUNPATH_SEARCH_PATHS = "$(inherited) @executable_path/Frameworks @loader_path/Frameworks";
				PRODUCT_BUNDLE_IDENTIFIER = "Justin-Kalan.FootballPickEmAppTests";
				PRODUCT_NAME = "$(TARGET_NAME)";
				SWIFT_VERSION = 4.0;
				TARGETED_DEVICE_FAMILY = "1,2";
				TEST_HOST = "$(BUILT_PRODUCTS_DIR)/FootballPickEmApp.app/FootballPickEmApp";
			};
			name = Release;
		};
		D0C25EF31FC4CE9300DB03CD /* Debug */ = {
			isa = XCBuildConfiguration;
			baseConfigurationReference = 95493880268107815D2318D4 /* Pods-FootballPickEmAppUITests.debug.xcconfig */;
			buildSettings = {
				ALWAYS_EMBED_SWIFT_STANDARD_LIBRARIES = YES;
				CODE_SIGN_STYLE = Automatic;
				INFOPLIST_FILE = FootballPickEmAppUITests/Info.plist;
				LD_RUNPATH_SEARCH_PATHS = "$(inherited) @executable_path/Frameworks @loader_path/Frameworks";
				PRODUCT_BUNDLE_IDENTIFIER = "Justin-Kalan.FootballPickEmAppUITests";
				PRODUCT_NAME = "$(TARGET_NAME)";
				SWIFT_VERSION = 4.0;
				TARGETED_DEVICE_FAMILY = "1,2";
				TEST_TARGET_NAME = FootballPickEmApp;
			};
			name = Debug;
		};
		D0C25EF41FC4CE9300DB03CD /* Release */ = {
			isa = XCBuildConfiguration;
			baseConfigurationReference = D42267B1E43C31E0DB57D9F5 /* Pods-FootballPickEmAppUITests.release.xcconfig */;
			buildSettings = {
				ALWAYS_EMBED_SWIFT_STANDARD_LIBRARIES = YES;
				CODE_SIGN_STYLE = Automatic;
				INFOPLIST_FILE = FootballPickEmAppUITests/Info.plist;
				LD_RUNPATH_SEARCH_PATHS = "$(inherited) @executable_path/Frameworks @loader_path/Frameworks";
				PRODUCT_BUNDLE_IDENTIFIER = "Justin-Kalan.FootballPickEmAppUITests";
				PRODUCT_NAME = "$(TARGET_NAME)";
				SWIFT_VERSION = 4.0;
				TARGETED_DEVICE_FAMILY = "1,2";
				TEST_TARGET_NAME = FootballPickEmApp;
			};
			name = Release;
		};
/* End XCBuildConfiguration section */

/* Begin XCConfigurationList section */
		D0C25EBF1FC4CE9300DB03CD /* Build configuration list for PBXProject "FootballPickEmApp" */ = {
			isa = XCConfigurationList;
			buildConfigurations = (
				D0C25EEA1FC4CE9300DB03CD /* Debug */,
				D0C25EEB1FC4CE9300DB03CD /* Release */,
			);
			defaultConfigurationIsVisible = 0;
			defaultConfigurationName = Debug;
		};
		D0C25EEC1FC4CE9300DB03CD /* Build configuration list for PBXNativeTarget "FootballPickEmApp" */ = {
			isa = XCConfigurationList;
			buildConfigurations = (
				D0C25EED1FC4CE9300DB03CD /* Debug */,
				D0C25EEE1FC4CE9300DB03CD /* Release */,
			);
			defaultConfigurationIsVisible = 0;
			defaultConfigurationName = Debug;
		};
		D0C25EEF1FC4CE9300DB03CD /* Build configuration list for PBXNativeTarget "FootballPickEmAppTests" */ = {
			isa = XCConfigurationList;
			buildConfigurations = (
				D0C25EF01FC4CE9300DB03CD /* Debug */,
				D0C25EF11FC4CE9300DB03CD /* Release */,
			);
			defaultConfigurationIsVisible = 0;
			defaultConfigurationName = Debug;
		};
		D0C25EF21FC4CE9300DB03CD /* Build configuration list for PBXNativeTarget "FootballPickEmAppUITests" */ = {
			isa = XCConfigurationList;
			buildConfigurations = (
				D0C25EF31FC4CE9300DB03CD /* Debug */,
				D0C25EF41FC4CE9300DB03CD /* Release */,
			);
			defaultConfigurationIsVisible = 0;
			defaultConfigurationName = Debug;
		};
/* End XCConfigurationList section */
	};
	rootObject = D0C25EBC1FC4CE9300DB03CD /* Project object */;
}
